
Microsoft Visual Studio Solution File, Format Version 12.00
# Visual Studio Version 17
VisualStudioVersion = 17.14.37012.4 d17.14
MinimumVisualStudioVersion = 10.0.40219.1
Project("{FAE04EC0-301F-11D3-BF4B-00C04F79EFBC}") = "POpsUpdater", "POpsUpdater\POpsUpdater.csproj", "{79133471-F174-441A-B2B9-7990920A8E95}"
EndProject
Global
	GlobalSection(SolutionConfigurationPlatforms) = preSolution
		Debug|Any CPU = Debug|Any CPU
		Release|Any CPU = Release|Any CPU
	EndGlobalSection
	GlobalSection(ProjectConfigurationPlatforms) = postSolution
		{79133471-F174-441A-B2B9-7990920A8E95}.Debug|Any CPU.ActiveCfg = Debug|Any CPU
		{79133471-F174-441A-B2B9-7990920A8E95}.Debug|Any CPU.Build.0 = Debug|Any CPU
		{79133471-F174-441A-B2B9-7990920A8E95}.Release|Any CPU.ActiveCfg = Release|Any CPU
		{79133471-F174-441A-B2B9-7990920A8E95}.Release|Any CPU.Build.0 = Release|Any CPU
	EndGlobalSection
	GlobalSection(SolutionProperties) = preSolution
		HideSolutionNode = FALSE
	EndGlobalSection
	GlobalSection(ExtensibilityGlobals) = postSolution
		SolutionGuid = {A91B7C07-8C83-4D79-8A67-79BE941EE0FD}
	EndGlobalSection
EndGlobal
